// !$*UTF8*$!
{
	archiveVersion = 1;
	classes = {
	};
	objectVersion = 55;
	objects = {

/* Begin PBXBuildFile section */
		EE0F1803285E286A0046BB7C /* HolidayViewModel.swift in Sources */ = {isa = PBXBuildFile; fileRef = EE0F1802285E286A0046BB7C /* HolidayViewModel.swift */; };
		EE0F1805285E34E20046BB7C /* MapAnnotationView.swift in Sources */ = {isa = PBXBuildFile; fileRef = EE0F1804285E34E20046BB7C /* MapAnnotationView.swift */; };
		EE1066C52888859500F36351 /* RoundedCornerShape.swift in Sources */ = {isa = PBXBuildFile; fileRef = EE1066C42888859500F36351 /* RoundedCornerShape.swift */; };
		EE245EA2285DF1F2009B63D0 /* Holiday.swift in Sources */ = {isa = PBXBuildFile; fileRef = EE245EA1285DF1F2009B63D0 /* Holiday.swift */; };
		EE5052202857BD0300C3DF50 /* TravelScrapbookApp.swift in Sources */ = {isa = PBXBuildFile; fileRef = EE50521F2857BD0300C3DF50 /* TravelScrapbookApp.swift */; };
		EE5052242857BD0900C3DF50 /* Assets.xcassets in Resources */ = {isa = PBXBuildFile; fileRef = EE5052232857BD0900C3DF50 /* Assets.xcassets */; };
		EE5052272857BD0900C3DF50 /* Preview Assets.xcassets in Resources */ = {isa = PBXBuildFile; fileRef = EE5052262857BD0900C3DF50 /* Preview Assets.xcassets */; };
		EE5052302857E10000C3DF50 /* LocationManager.swift in Sources */ = {isa = PBXBuildFile; fileRef = EE50522F2857E10000C3DF50 /* LocationManager.swift */; };
		EE81F70C2868B92600350CD8 /* HolidayView.swift in Sources */ = {isa = PBXBuildFile; fileRef = EE81F70B2868B92600350CD8 /* HolidayView.swift */; };
		EE81F70E286A392F00350CD8 /* ImagePicker.swift in Sources */ = {isa = PBXBuildFile; fileRef = EE81F70D286A392F00350CD8 /* ImagePicker.swift */; };
		EE81F713286B7F1E00350CD8 /* AddNewHoliday.swift in Sources */ = {isa = PBXBuildFile; fileRef = EE81F712286B7F1E00350CD8 /* AddNewHoliday.swift */; };
		EE82E45C286E2E1F00AFC543 /* ListItem.swift in Sources */ = {isa = PBXBuildFile; fileRef = EE82E45B286E2E1F00AFC543 /* ListItem.swift */; };
		EE82E45E286E4B6C00AFC543 /* ImageView.swift in Sources */ = {isa = PBXBuildFile; fileRef = EE82E45D286E4B6C00AFC543 /* ImageView.swift */; };
		EE95736B288ED7AD006F42FF /* CacheService.swift in Sources */ = {isa = PBXBuildFile; fileRef = EE95736A288ED7AD006F42FF /* CacheService.swift */; };
		EE95736D288ED7BA006F42FF /* DatabaseService.swift in Sources */ = {isa = PBXBuildFile; fileRef = EE95736C288ED7BA006F42FF /* DatabaseService.swift */; };
		EE957373288EE001006F42FF /* MapViewModel.swift in Sources */ = {isa = PBXBuildFile; fileRef = EE957372288EE001006F42FF /* MapViewModel.swift */; };
		EE95737C288F08A4006F42FF /* DateHelper.swift in Sources */ = {isa = PBXBuildFile; fileRef = EE95737B288F08A4006F42FF /* DateHelper.swift */; };
		EE95737F288FDD97006F42FF /* GoogleService-Info.plist in Resources */ = {isa = PBXBuildFile; fileRef = EE95737E288FDD97006F42FF /* GoogleService-Info.plist */; };
		EE957382288FDE42006F42FF /* FirebaseAuth in Frameworks */ = {isa = PBXBuildFile; productRef = EE957381288FDE42006F42FF /* FirebaseAuth */; };
		EE957384288FDE42006F42FF /* FirebaseFirestore in Frameworks */ = {isa = PBXBuildFile; productRef = EE957383288FDE42006F42FF /* FirebaseFirestore */; };
		EE957386288FDE42006F42FF /* FirebaseFirestoreSwift in Frameworks */ = {isa = PBXBuildFile; productRef = EE957385288FDE42006F42FF /* FirebaseFirestoreSwift */; };
		EE957388288FDE42006F42FF /* FirebaseStorage in Frameworks */ = {isa = PBXBuildFile; productRef = EE957387288FDE42006F42FF /* FirebaseStorage */; };
		EE95738B288FE2EF006F42FF /* LoginView.swift in Sources */ = {isa = PBXBuildFile; fileRef = EE95738A288FE2EF006F42FF /* LoginView.swift */; };
		EE95738D288FE35F006F42FF /* AuthViewModel.swift in Sources */ = {isa = PBXBuildFile; fileRef = EE95738C288FE35F006F42FF /* AuthViewModel.swift */; };
		EE95738F288FEDE3006F42FF /* CreateAccountView.swift in Sources */ = {isa = PBXBuildFile; fileRef = EE95738E288FEDE3006F42FF /* CreateAccountView.swift */; };
		EE95739128901EF1006F42FF /* User.swift in Sources */ = {isa = PBXBuildFile; fileRef = EE95739028901EF1006F42FF /* User.swift */; };
		EE95739328905114006F42FF /* MainHolidayImage.swift in Sources */ = {isa = PBXBuildFile; fileRef = EE95739228905114006F42FF /* MainHolidayImage.swift */; };
		EE9C0BAD289281F000F353B2 /* ImageHelper.swift in Sources */ = {isa = PBXBuildFile; fileRef = EE9C0BAC289281F000F353B2 /* ImageHelper.swift */; };
		EE9C0BB82896ECB900F353B2 /* SettingsView.swift in Sources */ = {isa = PBXBuildFile; fileRef = EE9C0BB72896ECB900F353B2 /* SettingsView.swift */; };
		EEC032E62864F51C00CE6682 /* MapView.swift in Sources */ = {isa = PBXBuildFile; fileRef = EEC032E52864F51C00CE6682 /* MapView.swift */; };
		EEC032E82864F52300CE6682 /* ListView.swift in Sources */ = {isa = PBXBuildFile; fileRef = EEC032E72864F52300CE6682 /* ListView.swift */; };
		EEC032EA2864F71000CE6682 /* RootView.swift in Sources */ = {isa = PBXBuildFile; fileRef = EEC032E92864F71000CE6682 /* RootView.swift */; };
		EEC032F02864FC4E00CE6682 /* Constants.swift in Sources */ = {isa = PBXBuildFile; fileRef = EEC032EF2864FC4E00CE6682 /* Constants.swift */; };
		EEC032F22864FCC600CE6682 /* Extensions.swift in Sources */ = {isa = PBXBuildFile; fileRef = EEC032F12864FCC600CE6682 /* Extensions.swift */; };
		EEE7CF222899B2FD00E7783F /* EditHolidayView.swift in Sources */ = {isa = PBXBuildFile; fileRef = EEE7CF212899B2FC00E7783F /* EditHolidayView.swift */; };
/* End PBXBuildFile section */

/* Begin PBXFileReference section */
		EE0F1802285E286A0046BB7C /* HolidayViewModel.swift */ = {isa = PBXFileReference; lastKnownFileType = sourcecode.swift; path = HolidayViewModel.swift; sourceTree = "<group>"; };
		EE0F1804285E34E20046BB7C /* MapAnnotationView.swift */ = {isa = PBXFileReference; lastKnownFileType = sourcecode.swift; path = MapAnnotationView.swift; sourceTree = "<group>"; };
		EE1066C42888859500F36351 /* RoundedCornerShape.swift */ = {isa = PBXFileReference; lastKnownFileType = sourcecode.swift; path = RoundedCornerShape.swift; sourceTree = "<group>"; };
		EE245EA1285DF1F2009B63D0 /* Holiday.swift */ = {isa = PBXFileReference; lastKnownFileType = sourcecode.swift; path = Holiday.swift; sourceTree = "<group>"; };
		EE50521C2857BD0300C3DF50 /* TravelScrapbook.app */ = {isa = PBXFileReference; explicitFileType = wrapper.application; includeInIndex = 0; path = TravelScrapbook.app; sourceTree = BUILT_PRODUCTS_DIR; };
		EE50521F2857BD0300C3DF50 /* TravelScrapbookApp.swift */ = {isa = PBXFileReference; lastKnownFileType = sourcecode.swift; path = TravelScrapbookApp.swift; sourceTree = "<group>"; };
		EE5052232857BD0900C3DF50 /* Assets.xcassets */ = {isa = PBXFileReference; lastKnownFileType = folder.assetcatalog; path = Assets.xcassets; sourceTree = "<group>"; };
		EE5052262857BD0900C3DF50 /* Preview Assets.xcassets */ = {isa = PBXFileReference; lastKnownFileType = folder.assetcatalog; path = "Preview Assets.xcassets"; sourceTree = "<group>"; };
		EE50522F2857E10000C3DF50 /* LocationManager.swift */ = {isa = PBXFileReference; lastKnownFileType = sourcecode.swift; path = LocationManager.swift; sourceTree = "<group>"; };
		EE81F70B2868B92600350CD8 /* HolidayView.swift */ = {isa = PBXFileReference; lastKnownFileType = sourcecode.swift; path = HolidayView.swift; sourceTree = "<group>"; };
		EE81F70D286A392F00350CD8 /* ImagePicker.swift */ = {isa = PBXFileReference; lastKnownFileType = sourcecode.swift; path = ImagePicker.swift; sourceTree = "<group>"; };
		EE81F712286B7F1E00350CD8 /* AddNewHoliday.swift */ = {isa = PBXFileReference; lastKnownFileType = sourcecode.swift; path = AddNewHoliday.swift; sourceTree = "<group>"; };
		EE82E45B286E2E1F00AFC543 /* ListItem.swift */ = {isa = PBXFileReference; lastKnownFileType = sourcecode.swift; path = ListItem.swift; sourceTree = "<group>"; };
		EE82E45D286E4B6C00AFC543 /* ImageView.swift */ = {isa = PBXFileReference; lastKnownFileType = sourcecode.swift; path = ImageView.swift; sourceTree = "<group>"; };
		EE95736A288ED7AD006F42FF /* CacheService.swift */ = {isa = PBXFileReference; lastKnownFileType = sourcecode.swift; path = CacheService.swift; sourceTree = "<group>"; };
		EE95736C288ED7BA006F42FF /* DatabaseService.swift */ = {isa = PBXFileReference; lastKnownFileType = sourcecode.swift; path = DatabaseService.swift; sourceTree = "<group>"; };
		EE957372288EE001006F42FF /* MapViewModel.swift */ = {isa = PBXFileReference; lastKnownFileType = sourcecode.swift; path = MapViewModel.swift; sourceTree = "<group>"; };
		EE95737B288F08A4006F42FF /* DateHelper.swift */ = {isa = PBXFileReference; lastKnownFileType = sourcecode.swift; path = DateHelper.swift; sourceTree = "<group>"; };
		EE95737E288FDD97006F42FF /* GoogleService-Info.plist */ = {isa = PBXFileReference; lastKnownFileType = text.plist; path = "GoogleService-Info.plist"; sourceTree = SOURCE_ROOT; };
		EE95738A288FE2EF006F42FF /* LoginView.swift */ = {isa = PBXFileReference; lastKnownFileType = sourcecode.swift; path = LoginView.swift; sourceTree = "<group>"; };
		EE95738C288FE35F006F42FF /* AuthViewModel.swift */ = {isa = PBXFileReference; lastKnownFileType = sourcecode.swift; path = AuthViewModel.swift; sourceTree = "<group>"; };
		EE95738E288FEDE3006F42FF /* CreateAccountView.swift */ = {isa = PBXFileReference; lastKnownFileType = sourcecode.swift; path = CreateAccountView.swift; sourceTree = "<group>"; };
		EE95739028901EF1006F42FF /* User.swift */ = {isa = PBXFileReference; lastKnownFileType = sourcecode.swift; path = User.swift; sourceTree = "<group>"; };
		EE95739228905114006F42FF /* MainHolidayImage.swift */ = {isa = PBXFileReference; lastKnownFileType = sourcecode.swift; path = MainHolidayImage.swift; sourceTree = "<group>"; };
		EE9C0BAC289281F000F353B2 /* ImageHelper.swift */ = {isa = PBXFileReference; lastKnownFileType = sourcecode.swift; path = ImageHelper.swift; sourceTree = "<group>"; };
		EE9C0BB72896ECB900F353B2 /* SettingsView.swift */ = {isa = PBXFileReference; lastKnownFileType = sourcecode.swift; path = SettingsView.swift; sourceTree = "<group>"; };
		EEC032E52864F51C00CE6682 /* MapView.swift */ = {isa = PBXFileReference; lastKnownFileType = sourcecode.swift; path = MapView.swift; sourceTree = "<group>"; };
		EEC032E72864F52300CE6682 /* ListView.swift */ = {isa = PBXFileReference; lastKnownFileType = sourcecode.swift; path = ListView.swift; sourceTree = "<group>"; };
		EEC032E92864F71000CE6682 /* RootView.swift */ = {isa = PBXFileReference; lastKnownFileType = sourcecode.swift; path = RootView.swift; sourceTree = "<group>"; };
		EEC032EF2864FC4E00CE6682 /* Constants.swift */ = {isa = PBXFileReference; lastKnownFileType = sourcecode.swift; path = Constants.swift; sourceTree = "<group>"; };
		EEC032F12864FCC600CE6682 /* Extensions.swift */ = {isa = PBXFileReference; lastKnownFileType = sourcecode.swift; path = Extensions.swift; sourceTree = "<group>"; };
		EEE7CF212899B2FC00E7783F /* EditHolidayView.swift */ = {isa = PBXFileReference; lastKnownFileType = sourcecode.swift; path = EditHolidayView.swift; sourceTree = "<group>"; };
/* End PBXFileReference section */

/* Begin PBXFrameworksBuildPhase section */
		EE5052192857BD0300C3DF50 /* Frameworks */ = {
			isa = PBXFrameworksBuildPhase;
			buildActionMask = 2147483647;
			files = (
				EE957382288FDE42006F42FF /* FirebaseAuth in Frameworks */,
				EE957388288FDE42006F42FF /* FirebaseStorage in Frameworks */,
				EE957384288FDE42006F42FF /* FirebaseFirestore in Frameworks */,
				EE957386288FDE42006F42FF /* FirebaseFirestoreSwift in Frameworks */,
			);
			runOnlyForDeploymentPostprocessing = 0;
		};
/* End PBXFrameworksBuildPhase section */

/* Begin PBXGroup section */
		EE0F17FF285E27070046BB7C /* Views */ = {
			isa = PBXGroup;
			children = (
				EEC032E92864F71000CE6682 /* RootView.swift */,
				EE95737D288FDB73006F42FF /* Onboarding */,
				EE957389288FE28B006F42FF /* LoginViews */,
				EE957371288EDC74006F42FF /* ListViews */,
				EE957370288EDC66006F42FF /* MapViews */,
				EE957374288EEF2E006F42FF /* HolidayViews */,
				EE9C0BB62896EBAB00F353B2 /* SettingsViews */,
				EE81F70F286A3E0500350CD8 /* Components */,
			);
			path = Views;
			sourceTree = "<group>";
		};
		EE0F1800285E27160046BB7C /* ViewModels */ = {
			isa = PBXGroup;
			children = (
				EE95738C288FE35F006F42FF /* AuthViewModel.swift */,
				EE50522F2857E10000C3DF50 /* LocationManager.swift */,
				EE0F1802285E286A0046BB7C /* HolidayViewModel.swift */,
				EE957372288EE001006F42FF /* MapViewModel.swift */,
			);
			path = ViewModels;
			sourceTree = "<group>";
		};
		EE0F1801285E271D0046BB7C /* Models */ = {
			isa = PBXGroup;
			children = (
				EE245EA1285DF1F2009B63D0 /* Holiday.swift */,
				EE95739028901EF1006F42FF /* User.swift */,
			);
			path = Models;
			sourceTree = "<group>";
		};
		EE5052132857BD0300C3DF50 = {
			isa = PBXGroup;
			children = (
				EE50521E2857BD0300C3DF50 /* TravelScrapbook */,
				EE50521D2857BD0300C3DF50 /* Products */,
			);
			sourceTree = "<group>";
		};
		EE50521D2857BD0300C3DF50 /* Products */ = {
			isa = PBXGroup;
			children = (
				EE50521C2857BD0300C3DF50 /* TravelScrapbook.app */,
			);
			name = Products;
			sourceTree = "<group>";
		};
		EE50521E2857BD0300C3DF50 /* TravelScrapbook */ = {
			isa = PBXGroup;
			children = (
				EE50521F2857BD0300C3DF50 /* TravelScrapbookApp.swift */,
				EE0F17FF285E27070046BB7C /* Views */,
				EE957369288ED79B006F42FF /* Services */,
				EE0F1800285E27160046BB7C /* ViewModels */,
				EE0F1801285E271D0046BB7C /* Models */,
				EEC032EE2864FC3600CE6682 /* Helpers */,
				EE5052232857BD0900C3DF50 /* Assets.xcassets */,
				EE95737E288FDD97006F42FF /* GoogleService-Info.plist */,
				EE5052252857BD0900C3DF50 /* Preview Content */,
			);
			path = TravelScrapbook;
			sourceTree = "<group>";
		};
		EE5052252857BD0900C3DF50 /* Preview Content */ = {
			isa = PBXGroup;
			children = (
				EE5052262857BD0900C3DF50 /* Preview Assets.xcassets */,
			);
			path = "Preview Content";
			sourceTree = "<group>";
		};
		EE81F70F286A3E0500350CD8 /* Components */ = {
			isa = PBXGroup;
			children = (
				EE81F70D286A392F00350CD8 /* ImagePicker.swift */,
				EE95739228905114006F42FF /* MainHolidayImage.swift */,
			);
			path = Components;
			sourceTree = "<group>";
		};
		EE957369288ED79B006F42FF /* Services */ = {
			isa = PBXGroup;
			children = (
				EE95736A288ED7AD006F42FF /* CacheService.swift */,
				EE95736C288ED7BA006F42FF /* DatabaseService.swift */,
			);
			path = Services;
			sourceTree = "<group>";
		};
		EE957370288EDC66006F42FF /* MapViews */ = {
			isa = PBXGroup;
			children = (
				EEC032E52864F51C00CE6682 /* MapView.swift */,
				EE81F712286B7F1E00350CD8 /* AddNewHoliday.swift */,
				EE0F1804285E34E20046BB7C /* MapAnnotationView.swift */,
			);
			path = MapViews;
			sourceTree = "<group>";
		};
		EE957371288EDC74006F42FF /* ListViews */ = {
			isa = PBXGroup;
			children = (
				EEC032E72864F52300CE6682 /* ListView.swift */,
				EE82E45B286E2E1F00AFC543 /* ListItem.swift */,
			);
			path = ListViews;
			sourceTree = "<group>";
		};
		EE957374288EEF2E006F42FF /* HolidayViews */ = {
			isa = PBXGroup;
			children = (
				EE81F70B2868B92600350CD8 /* HolidayView.swift */,
				EEE7CF212899B2FC00E7783F /* EditHolidayView.swift */,
				EE82E45D286E4B6C00AFC543 /* ImageView.swift */,
			);
			path = HolidayViews;
			sourceTree = "<group>";
		};
		EE95737D288FDB73006F42FF /* Onboarding */ = {
			isa = PBXGroup;
			children = (
			);
			path = Onboarding;
			sourceTree = "<group>";
		};
		EE957389288FE28B006F42FF /* LoginViews */ = {
			isa = PBXGroup;
			children = (
				EE95738A288FE2EF006F42FF /* LoginView.swift */,
				EE95738E288FEDE3006F42FF /* CreateAccountView.swift */,
			);
			path = LoginViews;
			sourceTree = "<group>";
		};
		EE9C0BB62896EBAB00F353B2 /* SettingsViews */ = {
			isa = PBXGroup;
			children = (
				EE9C0BB72896ECB900F353B2 /* SettingsView.swift */,
			);
			path = SettingsViews;
			sourceTree = "<group>";
		};
		EEC032EE2864FC3600CE6682 /* Helpers */ = {
			isa = PBXGroup;
			children = (
				EEC032EF2864FC4E00CE6682 /* Constants.swift */,
				EEC032F12864FCC600CE6682 /* Extensions.swift */,
				EE1066C42888859500F36351 /* RoundedCornerShape.swift */,
				EE95737B288F08A4006F42FF /* DateHelper.swift */,
				EE9C0BAC289281F000F353B2 /* ImageHelper.swift */,
			);
			path = Helpers;
			sourceTree = "<group>";
		};
/* End PBXGroup section */

/* Begin PBXNativeTarget section */
		EE50521B2857BD0300C3DF50 /* TravelScrapbook */ = {
			isa = PBXNativeTarget;
			buildConfigurationList = EE50522A2857BD0900C3DF50 /* Build configuration list for PBXNativeTarget "TravelScrapbook" */;
			buildPhases = (
				EE5052182857BD0300C3DF50 /* Sources */,
				EE5052192857BD0300C3DF50 /* Frameworks */,
				EE50521A2857BD0300C3DF50 /* Resources */,
			);
			buildRules = (
			);
			dependencies = (
			);
			name = TravelScrapbook;
			packageProductDependencies = (
				EE957381288FDE42006F42FF /* FirebaseAuth */,
				EE957383288FDE42006F42FF /* FirebaseFirestore */,
				EE957385288FDE42006F42FF /* FirebaseFirestoreSwift */,
				EE957387288FDE42006F42FF /* FirebaseStorage */,
			);
			productName = TravelScrapbook;
			productReference = EE50521C2857BD0300C3DF50 /* TravelScrapbook.app */;
			productType = "com.apple.product-type.application";
		};
/* End PBXNativeTarget section */

/* Begin PBXProject section */
		EE5052142857BD0300C3DF50 /* Project object */ = {
			isa = PBXProject;
			attributes = {
				BuildIndependentTargetsInParallel = 1;
				LastSwiftUpdateCheck = 1330;
				LastUpgradeCheck = 1330;
				TargetAttributes = {
					EE50521B2857BD0300C3DF50 = {
						CreatedOnToolsVersion = 13.3.1;
					};
				};
			};
			buildConfigurationList = EE5052172857BD0300C3DF50 /* Build configuration list for PBXProject "TravelScrapbook" */;
			compatibilityVersion = "Xcode 13.0";
			developmentRegion = en;
			hasScannedForEncodings = 0;
			knownRegions = (
				en,
				Base,
			);
			mainGroup = EE5052132857BD0300C3DF50;
			packageReferences = (
				EE957380288FDE42006F42FF /* XCRemoteSwiftPackageReference "firebase-ios-sdk" */,
			);
			productRefGroup = EE50521D2857BD0300C3DF50 /* Products */;
			projectDirPath = "";
			projectRoot = "";
			targets = (
				EE50521B2857BD0300C3DF50 /* TravelScrapbook */,
			);
		};
/* End PBXProject section */

/* Begin PBXResourcesBuildPhase section */
		EE50521A2857BD0300C3DF50 /* Resources */ = {
			isa = PBXResourcesBuildPhase;
			buildActionMask = 2147483647;
			files = (
				EE5052272857BD0900C3DF50 /* Preview Assets.xcassets in Resources */,
				EE5052242857BD0900C3DF50 /* Assets.xcassets in Resources */,
				EE95737F288FDD97006F42FF /* GoogleService-Info.plist in Resources */,
			);
			runOnlyForDeploymentPostprocessing = 0;
		};
/* End PBXResourcesBuildPhase section */

/* Begin PBXSourcesBuildPhase section */
		EE5052182857BD0300C3DF50 /* Sources */ = {
			isa = PBXSourcesBuildPhase;
			buildActionMask = 2147483647;
			files = (
				EE95736D288ED7BA006F42FF /* DatabaseService.swift in Sources */,
				EE81F713286B7F1E00350CD8 /* AddNewHoliday.swift in Sources */,
				EE81F70E286A392F00350CD8 /* ImagePicker.swift in Sources */,
				EEC032E82864F52300CE6682 /* ListView.swift in Sources */,
				EEC032E62864F51C00CE6682 /* MapView.swift in Sources */,
				EE95737C288F08A4006F42FF /* DateHelper.swift in Sources */,
				EE0F1805285E34E20046BB7C /* MapAnnotationView.swift in Sources */,
				EE0F1803285E286A0046BB7C /* HolidayViewModel.swift in Sources */,
				EE5052302857E10000C3DF50 /* LocationManager.swift in Sources */,
				EE95738F288FEDE3006F42FF /* CreateAccountView.swift in Sources */,
				EEC032F02864FC4E00CE6682 /* Constants.swift in Sources */,
				EE82E45C286E2E1F00AFC543 /* ListItem.swift in Sources */,
				EEC032EA2864F71000CE6682 /* RootView.swift in Sources */,
				EE957373288EE001006F42FF /* MapViewModel.swift in Sources */,
				EE245EA2285DF1F2009B63D0 /* Holiday.swift in Sources */,
				EE81F70C2868B92600350CD8 /* HolidayView.swift in Sources */,
				EE95738B288FE2EF006F42FF /* LoginView.swift in Sources */,
				EEC032F22864FCC600CE6682 /* Extensions.swift in Sources */,
				EE5052202857BD0300C3DF50 /* TravelScrapbookApp.swift in Sources */,
				EE95738D288FE35F006F42FF /* AuthViewModel.swift in Sources */,
				EE95739128901EF1006F42FF /* User.swift in Sources */,
				EE9C0BB82896ECB900F353B2 /* SettingsView.swift in Sources */,
				EE9C0BAD289281F000F353B2 /* ImageHelper.swift in Sources */,
				EEE7CF222899B2FD00E7783F /* EditHolidayView.swift in Sources */,
				EE1066C52888859500F36351 /* RoundedCornerShape.swift in Sources */,
				EE95739328905114006F42FF /* MainHolidayImage.swift in Sources */,
				EE82E45E286E4B6C00AFC543 /* ImageView.swift in Sources */,
				EE95736B288ED7AD006F42FF /* CacheService.swift in Sources */,
			);
			runOnlyForDeploymentPostprocessing = 0;
		};
/* End PBXSourcesBuildPhase section */

/* Begin XCBuildConfiguration section */
		EE5052282857BD0900C3DF50 /* Debug */ = {
			isa = XCBuildConfiguration;
			buildSettings = {
				ALWAYS_SEARCH_USER_PATHS = NO;
				CLANG_ANALYZER_NONNULL = YES;
				CLANG_ANALYZER_NUMBER_OBJECT_CONVERSION = YES_AGGRESSIVE;
				CLANG_CXX_LANGUAGE_STANDARD = "gnu++17";
				CLANG_ENABLE_MODULES = YES;
				CLANG_ENABLE_OBJC_ARC = YES;
				CLANG_ENABLE_OBJC_WEAK = YES;
				CLANG_WARN_BLOCK_CAPTURE_AUTORELEASING = YES;
				CLANG_WARN_BOOL_CONVERSION = YES;
				CLANG_WARN_COMMA = YES;
				CLANG_WARN_CONSTANT_CONVERSION = YES;
				CLANG_WARN_DEPRECATED_OBJC_IMPLEMENTATIONS = YES;
				CLANG_WARN_DIRECT_OBJC_ISA_USAGE = YES_ERROR;
				CLANG_WARN_DOCUMENTATION_COMMENTS = YES;
				CLANG_WARN_EMPTY_BODY = YES;
				CLANG_WARN_ENUM_CONVERSION = YES;
				CLANG_WARN_INFINITE_RECURSION = YES;
				CLANG_WARN_INT_CONVERSION = YES;
				CLANG_WARN_NON_LITERAL_NULL_CONVERSION = YES;
				CLANG_WARN_OBJC_IMPLICIT_RETAIN_SELF = YES;
				CLANG_WARN_OBJC_LITERAL_CONVERSION = YES;
				CLANG_WARN_OBJC_ROOT_CLASS = YES_ERROR;
				CLANG_WARN_QUOTED_INCLUDE_IN_FRAMEWORK_HEADER = YES;
				CLANG_WARN_RANGE_LOOP_ANALYSIS = YES;
				CLANG_WARN_STRICT_PROTOTYPES = YES;
				CLANG_WARN_SUSPICIOUS_MOVE = YES;
				CLANG_WARN_UNGUARDED_AVAILABILITY = YES_AGGRESSIVE;
				CLANG_WARN_UNREACHABLE_CODE = YES;
				CLANG_WARN__DUPLICATE_METHOD_MATCH = YES;
				COPY_PHASE_STRIP = NO;
				DEBUG_INFORMATION_FORMAT = dwarf;
				ENABLE_STRICT_OBJC_MSGSEND = YES;
				ENABLE_TESTABILITY = YES;
				GCC_C_LANGUAGE_STANDARD = gnu11;
				GCC_DYNAMIC_NO_PIC = NO;
				GCC_NO_COMMON_BLOCKS = YES;
				GCC_OPTIMIZATION_LEVEL = 0;
				GCC_PREPROCESSOR_DEFINITIONS = (
					"DEBUG=1",
					"$(inherited)",
				);
				GCC_WARN_64_TO_32_BIT_CONVERSION = YES;
				GCC_WARN_ABOUT_RETURN_TYPE = YES_ERROR;
				GCC_WARN_UNDECLARED_SELECTOR = YES;
				GCC_WARN_UNINITIALIZED_AUTOS = YES_AGGRESSIVE;
				GCC_WARN_UNUSED_FUNCTION = YES;
				GCC_WARN_UNUSED_VARIABLE = YES;
				IPHONEOS_DEPLOYMENT_TARGET = 15.4;
				MTL_ENABLE_DEBUG_INFO = INCLUDE_SOURCE;
				MTL_FAST_MATH = YES;
				ONLY_ACTIVE_ARCH = YES;
				SDKROOT = iphoneos;
				SWIFT_ACTIVE_COMPILATION_CONDITIONS = DEBUG;
				SWIFT_OPTIMIZATION_LEVEL = "-Onone";
			};
			name = Debug;
		};
		EE5052292857BD0900C3DF50 /* Release */ = {
			isa = XCBuildConfiguration;
			buildSettings = {
				ALWAYS_SEARCH_USER_PATHS = NO;
				CLANG_ANALYZER_NONNULL = YES;
				CLANG_ANALYZER_NUMBER_OBJECT_CONVERSION = YES_AGGRESSIVE;
				CLANG_CXX_LANGUAGE_STANDARD = "gnu++17";
				CLANG_ENABLE_MODULES = YES;
				CLANG_ENABLE_OBJC_ARC = YES;
				CLANG_ENABLE_OBJC_WEAK = YES;
				CLANG_WARN_BLOCK_CAPTURE_AUTORELEASING = YES;
				CLANG_WARN_BOOL_CONVERSION = YES;
				CLANG_WARN_COMMA = YES;
				CLANG_WARN_CONSTANT_CONVERSION = YES;
				CLANG_WARN_DEPRECATED_OBJC_IMPLEMENTATIONS = YES;
				CLANG_WARN_DIRECT_OBJC_ISA_USAGE = YES_ERROR;
				CLANG_WARN_DOCUMENTATION_COMMENTS = YES;
				CLANG_WARN_EMPTY_BODY = YES;
				CLANG_WARN_ENUM_CONVERSION = YES;
				CLANG_WARN_INFINITE_RECURSION = YES;
				CLANG_WARN_INT_CONVERSION = YES;
				CLANG_WARN_NON_LITERAL_NULL_CONVERSION = YES;
				CLANG_WARN_OBJC_IMPLICIT_RETAIN_SELF = YES;
				CLANG_WARN_OBJC_LITERAL_CONVERSION = YES;
				CLANG_WARN_OBJC_ROOT_CLASS = YES_ERROR;
				CLANG_WARN_QUOTED_INCLUDE_IN_FRAMEWORK_HEADER = YES;
				CLANG_WARN_RANGE_LOOP_ANALYSIS = YES;
				CLANG_WARN_STRICT_PROTOTYPES = YES;
				CLANG_WARN_SUSPICIOUS_MOVE = YES;
				CLANG_WARN_UNGUARDED_AVAILABILITY = YES_AGGRESSIVE;
				CLANG_WARN_UNREACHABLE_CODE = YES;
				CLANG_WARN__DUPLICATE_METHOD_MATCH = YES;
				COPY_PHASE_STRIP = NO;
				DEBUG_INFORMATION_FORMAT = "dwarf-with-dsym";
				ENABLE_NS_ASSERTIONS = NO;
				ENABLE_STRICT_OBJC_MSGSEND = YES;
				GCC_C_LANGUAGE_STANDARD = gnu11;
				GCC_NO_COMMON_BLOCKS = YES;
				GCC_WARN_64_TO_32_BIT_CONVERSION = YES;
				GCC_WARN_ABOUT_RETURN_TYPE = YES_ERROR;
				GCC_WARN_UNDECLARED_SELECTOR = YES;
				GCC_WARN_UNINITIALIZED_AUTOS = YES_AGGRESSIVE;
				GCC_WARN_UNUSED_FUNCTION = YES;
				GCC_WARN_UNUSED_VARIABLE = YES;
				IPHONEOS_DEPLOYMENT_TARGET = 15.4;
				MTL_ENABLE_DEBUG_INFO = NO;
				MTL_FAST_MATH = YES;
				SDKROOT = iphoneos;
				SWIFT_COMPILATION_MODE = wholemodule;
				SWIFT_OPTIMIZATION_LEVEL = "-O";
				VALIDATE_PRODUCT = YES;
			};
			name = Release;
		};
		EE50522B2857BD0900C3DF50 /* Debug */ = {
			isa = XCBuildConfiguration;
			buildSettings = {
				ASSETCATALOG_COMPILER_APPICON_NAME = AppIcon;
				ASSETCATALOG_COMPILER_GLOBAL_ACCENT_COLOR_NAME = AccentColor;
				CODE_SIGN_STYLE = Automatic;
				CURRENT_PROJECT_VERSION = 1;
				DEVELOPMENT_ASSET_PATHS = "\"TravelScrapbook/Preview Content\"";
				DEVELOPMENT_TEAM = VZ5R657T48;
				ENABLE_PREVIEWS = YES;
				GENERATE_INFOPLIST_FILE = YES;
				INFOPLIST_KEY_UIApplicationSceneManifest_Generation = YES;
				INFOPLIST_KEY_UIApplicationSupportsIndirectInputEvents = YES;
				INFOPLIST_KEY_UILaunchScreen_Generation = YES;
				INFOPLIST_KEY_UISupportedInterfaceOrientations_iPad = "UIInterfaceOrientationPortrait UIInterfaceOrientationPortraitUpsideDown UIInterfaceOrientationLandscapeLeft UIInterfaceOrientationLandscapeRight";
				INFOPLIST_KEY_UISupportedInterfaceOrientations_iPhone = "UIInterfaceOrientationPortrait UIInterfaceOrientationLandscapeLeft UIInterfaceOrientationLandscapeRight";
				LD_RUNPATH_SEARCH_PATHS = (
					"$(inherited)",
					"@executable_path/Frameworks",
				);
				MARKETING_VERSION = 1.0;
				PRODUCT_BUNDLE_IDENTIFIER = AaronArcher.TravelScrapbook;
				PRODUCT_NAME = "$(TARGET_NAME)";
				SWIFT_EMIT_LOC_STRINGS = YES;
				SWIFT_VERSION = 5.0;
				TARGETED_DEVICE_FAMILY = "1,2";
			};
			name = Debug;
		};
		EE50522C2857BD0900C3DF50 /* Release */ = {
			isa = XCBuildConfiguration;
			buildSettings = {
				ASSETCATALOG_COMPILER_APPICON_NAME = AppIcon;
				ASSETCATALOG_COMPILER_GLOBAL_ACCENT_COLOR_NAME = AccentColor;
				CODE_SIGN_STYLE = Automatic;
				CURRENT_PROJECT_VERSION = 1;
				DEVELOPMENT_ASSET_PATHS = "\"TravelScrapbook/Preview Content\"";
				DEVELOPMENT_TEAM = VZ5R657T48;
				ENABLE_PREVIEWS = YES;
				GENERATE_INFOPLIST_FILE = YES;
				INFOPLIST_KEY_UIApplicationSceneManifest_Generation = YES;
				INFOPLIST_KEY_UIApplicationSupportsIndirectInputEvents = YES;
				INFOPLIST_KEY_UILaunchScreen_Generation = YES;
				INFOPLIST_KEY_UISupportedInterfaceOrientations_iPad = "UIInterfaceOrientationPortrait UIInterfaceOrientationPortraitUpsideDown UIInterfaceOrientationLandscapeLeft UIInterfaceOrientationLandscapeRight";
				INFOPLIST_KEY_UISupportedInterfaceOrientations_iPhone = "UIInterfaceOrientationPortrait UIInterfaceOrientationLandscapeLeft UIInterfaceOrientationLandscapeRight";
				LD_RUNPATH_SEARCH_PATHS = (
					"$(inherited)",
					"@executable_path/Frameworks",
				);
				MARKETING_VERSION = 1.0;
				PRODUCT_BUNDLE_IDENTIFIER = AaronArcher.TravelScrapbook;
				PRODUCT_NAME = "$(TARGET_NAME)";
				SWIFT_EMIT_LOC_STRINGS = YES;
				SWIFT_VERSION = 5.0;
				TARGETED_DEVICE_FAMILY = "1,2";
			};
			name = Release;
		};
/* End XCBuildConfiguration section */

/* Begin XCConfigurationList section */
		EE5052172857BD0300C3DF50 /* Build configuration list for PBXProject "TravelScrapbook" */ = {
			isa = XCConfigurationList;
			buildConfigurations = (
				EE5052282857BD0900C3DF50 /* Debug */,
				EE5052292857BD0900C3DF50 /* Release */,
			);
			defaultConfigurationIsVisible = 0;
			defaultConfigurationName = Release;
		};
		EE50522A2857BD0900C3DF50 /* Build configuration list for PBXNativeTarget "TravelScrapbook" */ = {
			isa = XCConfigurationList;
			buildConfigurations = (
				EE50522B2857BD0900C3DF50 /* Debug */,
				EE50522C2857BD0900C3DF50 /* Release */,
			);
			defaultConfigurationIsVisible = 0;
			defaultConfigurationName = Release;
		};
/* End XCConfigurationList section */

/* Begin XCRemoteSwiftPackageReference section */
		EE957380288FDE42006F42FF /* XCRemoteSwiftPackageReference "firebase-ios-sdk" */ = {
			isa = XCRemoteSwiftPackageReference;
			repositoryURL = "https://github.com/firebase/firebase-ios-sdk";
			requirement = {
				kind = upToNextMajorVersion;
				minimumVersion = 9.0.0;
			};
		};
/* End XCRemoteSwiftPackageReference section */

/* Begin XCSwiftPackageProductDependency section */
		EE957381288FDE42006F42FF /* FirebaseAuth */ = {
			isa = XCSwiftPackageProductDependency;
			package = EE957380288FDE42006F42FF /* XCRemoteSwiftPackageReference "firebase-ios-sdk" */;
			productName = FirebaseAuth;
		};
		EE957383288FDE42006F42FF /* FirebaseFirestore */ = {
			isa = XCSwiftPackageProductDependency;
			package = EE957380288FDE42006F42FF /* XCRemoteSwiftPackageReference "firebase-ios-sdk" */;
			productName = FirebaseFirestore;
		};
		EE957385288FDE42006F42FF /* FirebaseFirestoreSwift */ = {
			isa = XCSwiftPackageProductDependency;
			package = EE957380288FDE42006F42FF /* XCRemoteSwiftPackageReference "firebase-ios-sdk" */;
			productName = FirebaseFirestoreSwift;
		};
		EE957387288FDE42006F42FF /* FirebaseStorage */ = {
			isa = XCSwiftPackageProductDependency;
			package = EE957380288FDE42006F42FF /* XCRemoteSwiftPackageReference "firebase-ios-sdk" */;
			productName = FirebaseStorage;
		};
/* End XCSwiftPackageProductDependency section */
	};
	rootObject = EE5052142857BD0300C3DF50 /* Project object */;
}
